
Microsoft Visual Studio Solution File, Format Version 12.00
# Visual Studio 14
VisualStudioVersion = 14.0.24720.0
MinimumVisualStudioVersion = 10.0.40219.1
Project("{FAE04EC0-301F-11D3-BF4B-00C04F79EFBC}") = "CollageRestAPI", "CollageRestAPI\CollageRestAPI.csproj", "{0E1A09E0-799D-4FD3-BA93-7712DC2A9360}"
EndProject
Global
	GlobalSection(SolutionConfigurationPlatforms) = preSolution
		Debug|Any CPU = Debug|Any CPU
		Release|Any CPU = Release|Any CPU
	EndGlobalSection
	GlobalSection(ProjectConfigurationPlatforms) = postSolution
		{0E1A09E0-799D-4FD3-BA93-7712DC2A9360}.Debug|Any CPU.ActiveCfg = Debug|Any CPU
		{0E1A09E0-799D-4FD3-BA93-7712DC2A9360}.Debug|Any CPU.Build.0 = Debug|Any CPU
		{0E1A09E0-799D-4FD3-BA93-7712DC2A9360}.Release|Any CPU.ActiveCfg = Release|Any CPU
		{0E1A09E0-799D-4FD3-BA93-7712DC2A9360}.Release|Any CPU.Build.0 = Release|Any CPU
	EndGlobalSection
	GlobalSection(SolutionProperties) = preSolution
		HideSolutionNode = FALSE
	EndGlobalSection
EndGlobal
